{
  "name": "10.-adding-comments",
  "version": "1.0.0",
  "lockfileVersion": 3,
  "requires": true,
  "packages": {
    "": {
      "name": "10.-adding-comments",
      "version": "1.0.0",
      "license": "ISC",
      "devDependencies": {
        "@typed/node": "^6.7.0"
      }
    },
    "node_modules/@typed/common": {
      "version": "3.5.0",
      "resolved": "https://registry.npmjs.org/@typed/common/-/common-3.5.0.tgz",
      "integrity": "sha512-GV+hjZyu82tWrbtIZwP7NSeVDfiEZe7e0PIsVdhhK1b7RxCRDNxymu5792gPb9QAXJKRwLnlqO6DgSEim3oq0A==",
      "dev": true,
      "peerDependencies": {
        "tslib": "^2.0.0"
      }
    },
    "node_modules/@typed/disposable": {
      "version": "3.4.1",
      "resolved": "https://registry.npmjs.org/@typed/disposable/-/disposable-3.4.1.tgz",
      "integrity": "sha512-EsybTZBUUbm4kftcVa0itjzk4xfUuurMJVpxvZc8R+jagTHA0LayQft2+8k/vGN/XDFxS3aG9pcE9WGmsQGRdw==",
      "dev": true,
      "dependencies": {
        "@typed/lambda": "^3.4.0"
      },
      "peerDependencies": {
        "tslib": "^2.0.0"
      }
    },
    "node_modules/@typed/effects": {
      "version": "6.8.0",
      "resolved": "https://registry.npmjs.org/@typed/effects/-/effects-6.8.0.tgz",
      "integrity": "sha512-J6LWy6IQewR/3OUqzUng2yaZIkyGykDgVEIW+t5JNXzhWtP2Ll/4TwCQIg1bfTYjouGTTAgvTZkQGVd33iZm5A==",
      "dev": true,
      "dependencies": {
        "@typed/common": "^3.5.0",
        "@typed/disposable": "^3.4.1",
        "@typed/either": "^8.3.0",
        "@typed/env": "^8.5.0",
        "@typed/lambda": "^3.4.0",
        "@typed/list": "^6.4.4",
        "@typed/maybe": "^10.4.0",
        "@typed/promises": "^5.3.0",
        "@typed/timer": "^3.6.0"
      },
      "peerDependencies": {
        "tslib": "^2.0.0"
      }
    },
    "node_modules/@typed/either": {
      "version": "8.3.0",
      "resolved": "https://registry.npmjs.org/@typed/either/-/either-8.3.0.tgz",
      "integrity": "sha512-VKKGwdQ0tVP+9wJmuSySvE/zfCq+XhKD6i12ZXhLwiqJgCX/o/r24FRUYwzeuNIbR17Yd2dgC5SWB1rgwOo/pw==",
      "dev": true,
      "dependencies": {
        "@typed/lambda": "^3.4.0"
      },
      "peerDependencies": {
        "tslib": "^2.0.0"
      }
    },
    "node_modules/@typed/env": {
      "version": "8.5.0",
      "resolved": "https://registry.npmjs.org/@typed/env/-/env-8.5.0.tgz",
      "integrity": "sha512-gm1/1aoj+IG5Xzp8eBpyQR1T2Yfj/ivdtq9JILSoIsfsMwdigW8dDCja7YH0RL5GYtx09DoPGnABciD8GmLtUw==",
      "dev": true,
      "dependencies": {
        "@typed/common": "^3.5.0",
        "@typed/disposable": "^3.4.1",
        "@typed/lambda": "^3.4.0",
        "@typed/list": "^6.4.4",
        "@typed/objects": "^6.4.1",
        "@typed/timer": "^3.6.0"
      },
      "peerDependencies": {
        "tslib": "^2.0.0"
      }
    },
    "node_modules/@typed/future": {
      "version": "11.6.0",
      "resolved": "https://registry.npmjs.org/@typed/future/-/future-11.6.0.tgz",
      "integrity": "sha512-iAcFP28gpU5uJLqOe0Km2VnCnn/8f1Uu2GTqUuwEFK2zO8QChVEe5lvj7BYfru9OZEntdDW+JyFgmX0HywHBFg==",
      "dev": true,
      "dependencies": {
        "@typed/common": "^3.5.0",
        "@typed/disposable": "^3.4.1",
        "@typed/either": "^8.3.0",
        "@typed/env": "^8.5.0",
        "@typed/lambda": "^3.4.0"
      },
      "peerDependencies": {
        "tslib": "^2.0.0"
      }
    },
    "node_modules/@typed/iterable": {
      "version": "3.4.4",
      "resolved": "https://registry.npmjs.org/@typed/iterable/-/iterable-3.4.4.tgz",
      "integrity": "sha512-zPwa5KqkTacuM5EWO3jICGq31jKHbH67tyEI4i2x0fU67FInJVTlpPf+S1xqoUQGja3NvJVloKpItMn+9+Q/kQ==",
      "dev": true,
      "dependencies": {
        "@typed/lambda": "^3.4.0",
        "@typed/logic": "^6.5.4",
        "@typed/maybe": "^10.4.0"
      },
      "peerDependencies": {
        "tslib": "^2.0.0"
      }
    },
    "node_modules/@typed/lambda": {
      "version": "3.4.0",
      "resolved": "https://registry.npmjs.org/@typed/lambda/-/lambda-3.4.0.tgz",
      "integrity": "sha512-0Bn60qEt4ocCqUI0W9sALz3CED8HBZc9ErXihNkTJL/CGlUda0XmdUz7/pls5qRAog/dmFyOdR5ls6YSfOyZcw==",
      "dev": true,
      "dependencies": {
        "@typed/common": "^3.5.0"
      },
      "peerDependencies": {
        "tslib": "^2.0.0"
      }
    },
    "node_modules/@typed/list": {
      "version": "6.4.4",
      "resolved": "https://registry.npmjs.org/@typed/list/-/list-6.4.4.tgz",
      "integrity": "sha512-KI/z/MOMbbIbzGzBMthpCGoH2J3Ho1t2nnNuK1sZxk/IAtKSTrMQiWJRArkPQs1JNBH7TDsXDu1/47pUxwxPPw==",
      "dev": true,
      "dependencies": {
        "@typed/common": "^3.5.0",
        "@typed/lambda": "^3.4.0",
        "@typed/logic": "^6.5.4",
        "@typed/math": "^6.4.0",
        "@typed/maybe": "^10.4.0",
        "@typed/tuple": "^3.3.0"
      },
      "peerDependencies": {
        "tslib": "^2.0.0"
      }
    },
    "node_modules/@typed/logger": {
      "version": "8.7.0",
      "resolved": "https://registry.npmjs.org/@typed/logger/-/logger-8.7.0.tgz",
      "integrity": "sha512-gCpIrRzcH5S9H8CcJ2hbcXXp0JiywNVIuHm+nrpeuZ0Xmf1WkLaMGSU4us8F0IDwQepiIYhfu4u3b1ErkeY/vg==",
      "dev": true,
      "dependencies": {
        "@typed/effects": "^6.8.0",
        "@typed/env": "^8.5.0",
        "@typed/objects": "^6.4.1",
        "@typed/timer": "^3.6.0"
      },
      "peerDependencies": {
        "tslib": "^2.0.0"
      }
    },
    "node_modules/@typed/logic": {
      "version": "6.5.4",
      "resolved": "https://registry.npmjs.org/@typed/logic/-/logic-6.5.4.tgz",
      "integrity": "sha512-TtiG7+GzrnwpBr3e6erPdSQx67eXa5tva/IjvfJnGWAUNjkTBd0+9vuNmIYgobX+IP5kSBFUv95ZAVZnrDgVUQ==",
      "dev": true,
      "dependencies": {
        "@typed/common": "^3.5.0",
        "@typed/lambda": "^3.4.0",
        "@typed/maybe": "^10.4.0"
      },
      "peerDependencies": {
        "tslib": "^2.0.0"
      }
    },
    "node_modules/@typed/math": {
      "version": "6.4.0",
      "resolved": "https://registry.npmjs.org/@typed/math/-/math-6.4.0.tgz",
      "integrity": "sha512-FHa8HBkSFEv9vJiSqjX7J4o9wloB9aDA64CyB2dSuIKYXzP8+tbfg/xBB3qDIB5X7oABWtAi3+kJq79o1QuYtg==",
      "dev": true,
      "dependencies": {
        "@typed/lambda": "^3.4.0",
        "@typed/maybe": "^10.4.0"
      },
      "peerDependencies": {
        "tslib": "^2.0.0"
      }
    },
    "node_modules/@typed/maybe": {
      "version": "10.4.0",
      "resolved": "https://registry.npmjs.org/@typed/maybe/-/maybe-10.4.0.tgz",
      "integrity": "sha512-J7mcL9WSji9u0wD8oCjAIX4q0t0GKNY0ghBHw7vJLoXauEGSRclE9gM+AtfYKVnQuE2fdhy/sCiYzaOJB7iBGQ==",
      "dev": true,
      "dependencies": {
        "@typed/lambda": "^3.4.0"
      },
      "peerDependencies": {
        "tslib": "^2.0.0"
      }
    },
    "node_modules/@typed/node": {
      "version": "6.7.0",
      "resolved": "https://registry.npmjs.org/@typed/node/-/node-6.7.0.tgz",
      "integrity": "sha512-KAyDc0O1PboRrZiKLLtnXv/ISDV1H7pF2vbehlOXKewjQwzOb3U3GFByqM5nuR2bROnkC77mhG2G+mcaejqUZw==",
      "dev": true,
      "dependencies": {
        "@typed/disposable": "^3.4.1",
        "@typed/effects": "^6.8.0",
        "@typed/either": "^8.3.0",
        "@typed/env": "^8.5.0",
        "@typed/future": "^11.6.0",
        "@typed/iterable": "^3.4.4",
        "@typed/lambda": "^3.4.0",
        "@typed/list": "^6.4.4",
        "@typed/logger": "^8.7.0",
        "@typed/logic": "^6.5.4",
        "@typed/maybe": "^10.4.0",
        "@typed/strings": "^7.4.0",
        "@typed/timer": "^3.6.0"
      },
      "peerDependencies": {
        "@types/node": "^13.11.1",
        "tslib": "^2.0.0"
      }
    },
    "node_modules/@typed/objects": {
      "version": "6.4.1",
      "resolved": "https://registry.npmjs.org/@typed/objects/-/objects-6.4.1.tgz",
      "integrity": "sha512-qu3K5W8z9lS/DcWdINLOw88FDZ9R+NukM+63kGkuEs/CpgcvEN7O+nECP6dPfh1xsKILwareLaVzRIqcegKcbQ==",
      "dev": true,
      "dependencies": {
        "@typed/common": "^3.5.0",
        "@typed/lambda": "^3.4.0",
        "@typed/maybe": "^10.4.0"
      },
      "peerDependencies": {
        "tslib": "^2.0.0"
      }
    },
    "node_modules/@typed/promises": {
      "version": "5.3.0",
      "resolved": "https://registry.npmjs.org/@typed/promises/-/promises-5.3.0.tgz",
      "integrity": "sha512-25icRmJCPxQ4xpLjFzD/9egFq3JdB042/R3mZNdG6nicJOycV+ADjv+6ZxKpmyYruwNh70hb0dCIzTSMOrZJ7g==",
      "dev": true,
      "dependencies": {
        "@typed/lambda": "^3.4.0"
      },
      "peerDependencies": {
        "tslib": "^2.0.0"
      }
    },
    "node_modules/@typed/strings": {
      "version": "7.4.0",
      "resolved": "https://registry.npmjs.org/@typed/strings/-/strings-7.4.0.tgz",
      "integrity": "sha512-zpaKU/wdsjESTVhUShDcxbNplduaQh4m6Q0o+T+9hsCR8XJqa81VLV0DE2h2PkMQ1KvV3GBqfg0PVbOJ5ykJ0w==",
      "dev": true,
      "dependencies": {
        "@typed/common": "^3.5.0",
        "@typed/lambda": "^3.4.0"
      },
      "peerDependencies": {
        "tslib": "^2.0.0"
      }
    },
    "node_modules/@typed/timer": {
      "version": "3.6.0",
      "resolved": "https://registry.npmjs.org/@typed/timer/-/timer-3.6.0.tgz",
      "integrity": "sha512-Py/9OvemHoI67auuTmejKFUousBAX7gdcxTBKYybUFdEj9EdIpCPUzutzb8tao4PLaNokLlfnlAaCpJLJ91JLg==",
      "dev": true,
      "dependencies": {
        "@typed/common": "^3.5.0",
        "@typed/disposable": "^3.4.1",
        "@typed/lambda": "^3.4.0",
        "@typed/list": "^6.4.4"
      },
      "peerDependencies": {
        "tslib": "^2.0.0"
      }
    },
    "node_modules/@typed/tuple": {
      "version": "3.3.0",
      "resolved": "https://registry.npmjs.org/@typed/tuple/-/tuple-3.3.0.tgz",
      "integrity": "sha512-8yHduiKLkoh+cJ8oOzzX+Rl4uql+vcCmE2UBDt6yqwEVf4FFQckrhdBkUasM71AxMKqQk9PStO243ixV1lTebA==",
      "dev": true,
      "dependencies": {
        "@typed/lambda": "^3.4.0"
      },
      "peerDependencies": {
        "tslib": "^2.0.0"
      }
    },
    "node_modules/@types/node": {
      "version": "13.13.52",
      "resolved": "https://registry.npmjs.org/@types/node/-/node-13.13.52.tgz",
      "integrity": "sha512-s3nugnZumCC//n4moGGe6tkNMyYEdaDBitVjwPxXmR5lnMG5dHePinH2EdxkG3Rh1ghFHHixAG4NJhpJW1rthQ==",
      "dev": true,
      "peer": true
    },
    "node_modules/tslib": {
      "version": "2.6.2",
      "resolved": "https://registry.npmjs.org/tslib/-/tslib-2.6.2.tgz",
      "integrity": "sha512-AEYxH93jGFPn/a2iVAwW87VuUIkR1FVUKB77NwMF7nBTDkDrrT/Hpt/IrCJ0QXhW27jTBDcf5ZY7w6RiqTMw2Q==",
      "dev": true,
      "peer": true
    }
  }
}
